
Microsoft Visual Studio Solution File, Format Version 12.00
# Visual Studio Version 16
VisualStudioVersion = 16.0.31005.135
MinimumVisualStudioVersion = 10.0.40219.1
Project("{9A19103F-16F7-4668-BE54-9A1E7A4F7556}") = "GameRent.Api", "GameRent.Api\GameRent.Api.csproj", "{D8ADDDFA-60AA-4B70-9EEF-A2E81E8DFEB0}"
EndProject
Project("{9A19103F-16F7-4668-BE54-9A1E7A4F7556}") = "GameRent.Application", "GameRent.Application\GameRent.Application.csproj", "{78B66A45-9374-4743-AC97-9CC59E3B7020}"
EndProject
Project("{9A19103F-16F7-4668-BE54-9A1E7A4F7556}") = "GameRent.Domain", "GameRent.Domain\GameRent.Domain.csproj", "{E8E32717-A061-4B4D-BAD1-F1E1299030D7}"
EndProject
Project("{9A19103F-16F7-4668-BE54-9A1E7A4F7556}") = "GameRent.Infra", "GameRent.Infra\GameRent.Infra.csproj", "{FC76AF95-48A0-464C-9237-554F57BB3A0D}"
EndProject
Project("{FAE04EC0-301F-11D3-BF4B-00C04F79EFBC}") = "GameRent.Services", "GameRent.Services\GameRent.Services.csproj", "{5935455A-EAF8-41CB-B83D-FBE09321CC5D}"
EndProject
Global
	GlobalSection(SolutionConfigurationPlatforms) = preSolution
		Debug|Any CPU = Debug|Any CPU
		Release|Any CPU = Release|Any CPU
	EndGlobalSection
	GlobalSection(ProjectConfigurationPlatforms) = postSolution
		{D8ADDDFA-60AA-4B70-9EEF-A2E81E8DFEB0}.Debug|Any CPU.ActiveCfg = Debug|Any CPU
		{D8ADDDFA-60AA-4B70-9EEF-A2E81E8DFEB0}.Debug|Any CPU.Build.0 = Debug|Any CPU
		{D8ADDDFA-60AA-4B70-9EEF-A2E81E8DFEB0}.Release|Any CPU.ActiveCfg = Release|Any CPU
		{D8ADDDFA-60AA-4B70-9EEF-A2E81E8DFEB0}.Release|Any CPU.Build.0 = Release|Any CPU
		{78B66A45-9374-4743-AC97-9CC59E3B7020}.Debug|Any CPU.ActiveCfg = Debug|Any CPU
		{78B66A45-9374-4743-AC97-9CC59E3B7020}.Debug|Any CPU.Build.0 = Debug|Any CPU
		{78B66A45-9374-4743-AC97-9CC59E3B7020}.Release|Any CPU.ActiveCfg = Release|Any CPU
		{78B66A45-9374-4743-AC97-9CC59E3B7020}.Release|Any CPU.Build.0 = Release|Any CPU
		{E8E32717-A061-4B4D-BAD1-F1E1299030D7}.Debug|Any CPU.ActiveCfg = Debug|Any CPU
		{E8E32717-A061-4B4D-BAD1-F1E1299030D7}.Debug|Any CPU.Build.0 = Debug|Any CPU
		{E8E32717-A061-4B4D-BAD1-F1E1299030D7}.Release|Any CPU.ActiveCfg = Release|Any CPU
		{E8E32717-A061-4B4D-BAD1-F1E1299030D7}.Release|Any CPU.Build.0 = Release|Any CPU
		{FC76AF95-48A0-464C-9237-554F57BB3A0D}.Debug|Any CPU.ActiveCfg = Debug|Any CPU
		{FC76AF95-48A0-464C-9237-554F57BB3A0D}.Debug|Any CPU.Build.0 = Debug|Any CPU
		{FC76AF95-48A0-464C-9237-554F57BB3A0D}.Release|Any CPU.ActiveCfg = Release|Any CPU
		{FC76AF95-48A0-464C-9237-554F57BB3A0D}.Release|Any CPU.Build.0 = Release|Any CPU
		{5935455A-EAF8-41CB-B83D-FBE09321CC5D}.Debug|Any CPU.ActiveCfg = Debug|Any CPU
		{5935455A-EAF8-41CB-B83D-FBE09321CC5D}.Debug|Any CPU.Build.0 = Debug|Any CPU
		{5935455A-EAF8-41CB-B83D-FBE09321CC5D}.Release|Any CPU.ActiveCfg = Release|Any CPU
		{5935455A-EAF8-41CB-B83D-FBE09321CC5D}.Release|Any CPU.Build.0 = Release|Any CPU
	EndGlobalSection
	GlobalSection(SolutionProperties) = preSolution
		HideSolutionNode = FALSE
	EndGlobalSection
	GlobalSection(ExtensibilityGlobals) = postSolution
		SolutionGuid = {54DE9A09-8514-4119-A997-9F5274EA22D7}
	EndGlobalSection
EndGlobal
